
Microsoft Visual Studio Solution File, Format Version 12.00
# Visual Studio Version 16
VisualStudioVersion = 16.0.30523.141
MinimumVisualStudioVersion = 10.0.40219.1
Project("{FAE04EC0-301F-11D3-BF4B-00C04F79EFBC}") = "Lesson_2-1", "Lesson_2-1\Lesson_2-1.csproj", "{7C514B65-2B32-4E20-96D0-0CD146D9ADE8}"
EndProject
Project("{FAE04EC0-301F-11D3-BF4B-00C04F79EFBC}") = "Lesson_2-2", "Lesson_2-2\Lesson_2-2.csproj", "{76A42DAD-6929-4FBE-A8F5-EAD154E28FB4}"
EndProject
Global
	GlobalSection(SolutionConfigurationPlatforms) = preSolution
		Debug|Any CPU = Debug|Any CPU
		Release|Any CPU = Release|Any CPU
	EndGlobalSection
	GlobalSection(ProjectConfigurationPlatforms) = postSolution
		{7C514B65-2B32-4E20-96D0-0CD146D9ADE8}.Debug|Any CPU.ActiveCfg = Debug|Any CPU
		{7C514B65-2B32-4E20-96D0-0CD146D9ADE8}.Debug|Any CPU.Build.0 = Debug|Any CPU
		{7C514B65-2B32-4E20-96D0-0CD146D9ADE8}.Release|Any CPU.ActiveCfg = Release|Any CPU
		{7C514B65-2B32-4E20-96D0-0CD146D9ADE8}.Release|Any CPU.Build.0 = Release|Any CPU
		{76A42DAD-6929-4FBE-A8F5-EAD154E28FB4}.Debug|Any CPU.ActiveCfg = Debug|Any CPU
		{76A42DAD-6929-4FBE-A8F5-EAD154E28FB4}.Debug|Any CPU.Build.0 = Debug|Any CPU
		{76A42DAD-6929-4FBE-A8F5-EAD154E28FB4}.Release|Any CPU.ActiveCfg = Release|Any CPU
		{76A42DAD-6929-4FBE-A8F5-EAD154E28FB4}.Release|Any CPU.Build.0 = Release|Any CPU
	EndGlobalSection
	GlobalSection(SolutionProperties) = preSolution
		HideSolutionNode = FALSE
	EndGlobalSection
	GlobalSection(ExtensibilityGlobals) = postSolution
		SolutionGuid = {2FA636E4-3BCE-41ED-AAD4-BF02A07FEE47}
	EndGlobalSection
EndGlobal
